// !$*UTF8*$!
{
	archiveVersion = 1;
	classes = {
	};
	objectVersion = 55;
	objects = {

/* Begin PBXBuildFile section */
		29018F52365CC27B84F09D69 /* Pods_Instagram.framework in Frameworks */ = {isa = PBXBuildFile; fileRef = BABBB6D596B48014BE3A3F5D /* Pods_Instagram.framework */; };
		BC63192C29F17E0E00A119C0 /* GoogleService-Info.plist in Resources */ = {isa = PBXBuildFile; fileRef = BC63192B29F17E0E00A119C0 /* GoogleService-Info.plist */; };
		BC63192E29F5A25900A119C0 /* Const.swift in Sources */ = {isa = PBXBuildFile; fileRef = BC63192D29F5A25900A119C0 /* Const.swift */; };
		BC63193029F7E7DB00A119C0 /* PostData.swift in Sources */ = {isa = PBXBuildFile; fileRef = BC63192F29F7E7DB00A119C0 /* PostData.swift */; };
		BC63193529F7EBA300A119C0 /* PostTableViewCell.swift in Sources */ = {isa = PBXBuildFile; fileRef = BC63193329F7EBA300A119C0 /* PostTableViewCell.swift */; };
		BC63193629F7EBA300A119C0 /* PostTableViewCell.xib in Resources */ = {isa = PBXBuildFile; fileRef = BC63193429F7EBA300A119C0 /* PostTableViewCell.xib */; };
		BCCE4A1129EBE6C70085F9AD /* AppDelegate.swift in Sources */ = {isa = PBXBuildFile; fileRef = BCCE4A1029EBE6C70085F9AD /* AppDelegate.swift */; };
		BCCE4A1329EBE6C70085F9AD /* SceneDelegate.swift in Sources */ = {isa = PBXBuildFile; fileRef = BCCE4A1229EBE6C70085F9AD /* SceneDelegate.swift */; };
		BCCE4A1829EBE6C70085F9AD /* Main.storyboard in Resources */ = {isa = PBXBuildFile; fileRef = BCCE4A1629EBE6C70085F9AD /* Main.storyboard */; };
		BCCE4A1A29EBE6CC0085F9AD /* Assets.xcassets in Resources */ = {isa = PBXBuildFile; fileRef = BCCE4A1929EBE6CC0085F9AD /* Assets.xcassets */; };
		BCCE4A1D29EBE6CC0085F9AD /* LaunchScreen.storyboard in Resources */ = {isa = PBXBuildFile; fileRef = BCCE4A1B29EBE6CC0085F9AD /* LaunchScreen.storyboard */; };
		BCCE4A2729EBE9230085F9AD /* LoginViewController.swift in Sources */ = {isa = PBXBuildFile; fileRef = BCCE4A2629EBE9230085F9AD /* LoginViewController.swift */; };
		BCCE4A2929EBE9770085F9AD /* HomeViewController.swift in Sources */ = {isa = PBXBuildFile; fileRef = BCCE4A2829EBE9770085F9AD /* HomeViewController.swift */; };
		BCCE4A2B29EBE9AE0085F9AD /* ImageSelectViewController.swift in Sources */ = {isa = PBXBuildFile; fileRef = BCCE4A2A29EBE9AE0085F9AD /* ImageSelectViewController.swift */; };
		BCCE4A2D29EBE9F10085F9AD /* PostViewController.swift in Sources */ = {isa = PBXBuildFile; fileRef = BCCE4A2C29EBE9F10085F9AD /* PostViewController.swift */; };
		BCCE4A2F29EBEA3D0085F9AD /* SettingViewController.swift in Sources */ = {isa = PBXBuildFile; fileRef = BCCE4A2E29EBEA3D0085F9AD /* SettingViewController.swift */; };
		BCCE4A3129EC13B40085F9AD /* TabBarController.swift in Sources */ = {isa = PBXBuildFile; fileRef = BCCE4A3029EC13B40085F9AD /* TabBarController.swift */; };
/* End PBXBuildFile section */

/* Begin PBXFileReference section */
		BABBB6D596B48014BE3A3F5D /* Pods_Instagram.framework */ = {isa = PBXFileReference; explicitFileType = wrapper.framework; includeInIndex = 0; path = Pods_Instagram.framework; sourceTree = BUILT_PRODUCTS_DIR; };
		BC63192B29F17E0E00A119C0 /* GoogleService-Info.plist */ = {isa = PBXFileReference; fileEncoding = 4; lastKnownFileType = text.plist.xml; path = "GoogleService-Info.plist"; sourceTree = "<group>"; };
		BC63192D29F5A25900A119C0 /* Const.swift */ = {isa = PBXFileReference; lastKnownFileType = sourcecode.swift; path = Const.swift; sourceTree = "<group>"; };
		BC63192F29F7E7DB00A119C0 /* PostData.swift */ = {isa = PBXFileReference; lastKnownFileType = sourcecode.swift; path = PostData.swift; sourceTree = "<group>"; };
		BC63193329F7EBA300A119C0 /* PostTableViewCell.swift */ = {isa = PBXFileReference; lastKnownFileType = sourcecode.swift; path = PostTableViewCell.swift; sourceTree = "<group>"; };
		BC63193429F7EBA300A119C0 /* PostTableViewCell.xib */ = {isa = PBXFileReference; lastKnownFileType = file.xib; path = PostTableViewCell.xib; sourceTree = "<group>"; };
		BCCE4A0D29EBE6C70085F9AD /* Instagram.app */ = {isa = PBXFileReference; explicitFileType = wrapper.application; includeInIndex = 0; path = Instagram.app; sourceTree = BUILT_PRODUCTS_DIR; };
		BCCE4A1029EBE6C70085F9AD /* AppDelegate.swift */ = {isa = PBXFileReference; lastKnownFileType = sourcecode.swift; path = AppDelegate.swift; sourceTree = "<group>"; };
		BCCE4A1229EBE6C70085F9AD /* SceneDelegate.swift */ = {isa = PBXFileReference; lastKnownFileType = sourcecode.swift; path = SceneDelegate.swift; sourceTree = "<group>"; };
		BCCE4A1729EBE6C70085F9AD /* Base */ = {isa = PBXFileReference; lastKnownFileType = file.storyboard; name = Base; path = Base.lproj/Main.storyboard; sourceTree = "<group>"; };
		BCCE4A1929EBE6CC0085F9AD /* Assets.xcassets */ = {isa = PBXFileReference; lastKnownFileType = folder.assetcatalog; path = Assets.xcassets; sourceTree = "<group>"; };
		BCCE4A1C29EBE6CC0085F9AD /* Base */ = {isa = PBXFileReference; lastKnownFileType = file.storyboard; name = Base; path = Base.lproj/LaunchScreen.storyboard; sourceTree = "<group>"; };
		BCCE4A1E29EBE6CC0085F9AD /* Info.plist */ = {isa = PBXFileReference; lastKnownFileType = text.plist.xml; path = Info.plist; sourceTree = "<group>"; };
		BCCE4A2629EBE9230085F9AD /* LoginViewController.swift */ = {isa = PBXFileReference; lastKnownFileType = sourcecode.swift; path = LoginViewController.swift; sourceTree = "<group>"; };
		BCCE4A2829EBE9770085F9AD /* HomeViewController.swift */ = {isa = PBXFileReference; lastKnownFileType = sourcecode.swift; path = HomeViewController.swift; sourceTree = "<group>"; };
		BCCE4A2A29EBE9AE0085F9AD /* ImageSelectViewController.swift */ = {isa = PBXFileReference; lastKnownFileType = sourcecode.swift; path = ImageSelectViewController.swift; sourceTree = "<group>"; };
		BCCE4A2C29EBE9F10085F9AD /* PostViewController.swift */ = {isa = PBXFileReference; lastKnownFileType = sourcecode.swift; path = PostViewController.swift; sourceTree = "<group>"; };
		BCCE4A2E29EBEA3D0085F9AD /* SettingViewController.swift */ = {isa = PBXFileReference; lastKnownFileType = sourcecode.swift; path = SettingViewController.swift; sourceTree = "<group>"; };
		BCCE4A3029EC13B40085F9AD /* TabBarController.swift */ = {isa = PBXFileReference; lastKnownFileType = sourcecode.swift; path = TabBarController.swift; sourceTree = "<group>"; };
		C4EC156BC1D62B3464439BE9 /* Pods-Instagram.release.xcconfig */ = {isa = PBXFileReference; includeInIndex = 1; lastKnownFileType = text.xcconfig; name = "Pods-Instagram.release.xcconfig"; path = "Target Support Files/Pods-Instagram/Pods-Instagram.release.xcconfig"; sourceTree = "<group>"; };
		C8D2845B2DAA2DD81A5A8D3E /* Pods-Instagram.debug.xcconfig */ = {isa = PBXFileReference; includeInIndex = 1; lastKnownFileType = text.xcconfig; name = "Pods-Instagram.debug.xcconfig"; path = "Target Support Files/Pods-Instagram/Pods-Instagram.debug.xcconfig"; sourceTree = "<group>"; };
/* End PBXFileReference section */

/* Begin PBXFrameworksBuildPhase section */
		BCCE4A0A29EBE6C70085F9AD /* Frameworks */ = {
			isa = PBXFrameworksBuildPhase;
			buildActionMask = 2147483647;
			files = (
				29018F52365CC27B84F09D69 /* Pods_Instagram.framework in Frameworks */,
			);
			runOnlyForDeploymentPostprocessing = 0;
		};
/* End PBXFrameworksBuildPhase section */

/* Begin PBXGroup section */
		4AE7D862E82ADFCCE590DE65 /* Frameworks */ = {
			isa = PBXGroup;
			children = (
				BABBB6D596B48014BE3A3F5D /* Pods_Instagram.framework */,
			);
			name = Frameworks;
			sourceTree = "<group>";
		};
		BBD8A897D395825A0AFAC763 /* Pods */ = {
			isa = PBXGroup;
			children = (
				C8D2845B2DAA2DD81A5A8D3E /* Pods-Instagram.debug.xcconfig */,
				C4EC156BC1D62B3464439BE9 /* Pods-Instagram.release.xcconfig */,
			);
			path = Pods;
			sourceTree = "<group>";
		};
		BCCE4A0429EBE6C70085F9AD = {
			isa = PBXGroup;
			children = (
				BCCE4A0F29EBE6C70085F9AD /* Instagram */,
				BCCE4A0E29EBE6C70085F9AD /* Products */,
				BBD8A897D395825A0AFAC763 /* Pods */,
				4AE7D862E82ADFCCE590DE65 /* Frameworks */,
			);
			sourceTree = "<group>";
		};
		BCCE4A0E29EBE6C70085F9AD /* Products */ = {
			isa = PBXGroup;
			children = (
				BCCE4A0D29EBE6C70085F9AD /* Instagram.app */,
			);
			name = Products;
			sourceTree = "<group>";
		};
		BCCE4A0F29EBE6C70085F9AD /* Instagram */ = {
			isa = PBXGroup;
			children = (
				BCCE4A1029EBE6C70085F9AD /* AppDelegate.swift */,
				BCCE4A1229EBE6C70085F9AD /* SceneDelegate.swift */,
				BCCE4A3029EC13B40085F9AD /* TabBarController.swift */,
				BCCE4A2629EBE9230085F9AD /* LoginViewController.swift */,
				BCCE4A2829EBE9770085F9AD /* HomeViewController.swift */,
				BCCE4A2A29EBE9AE0085F9AD /* ImageSelectViewController.swift */,
				BCCE4A2C29EBE9F10085F9AD /* PostViewController.swift */,
				BCCE4A2E29EBEA3D0085F9AD /* SettingViewController.swift */,
				BC63192D29F5A25900A119C0 /* Const.swift */,
				BC63192F29F7E7DB00A119C0 /* PostData.swift */,
				BC63193329F7EBA300A119C0 /* PostTableViewCell.swift */,
				BC63193429F7EBA300A119C0 /* PostTableViewCell.xib */,
				BCCE4A1629EBE6C70085F9AD /* Main.storyboard */,
				BCCE4A1929EBE6CC0085F9AD /* Assets.xcassets */,
				BCCE4A1B29EBE6CC0085F9AD /* LaunchScreen.storyboard */,
				BCCE4A1E29EBE6CC0085F9AD /* Info.plist */,
				BC63192B29F17E0E00A119C0 /* GoogleService-Info.plist */,
			);
			path = Instagram;
			sourceTree = "<group>";
		};
/* End PBXGroup section */

/* Begin PBXNativeTarget section */
		BCCE4A0C29EBE6C70085F9AD /* Instagram */ = {
			isa = PBXNativeTarget;
			buildConfigurationList = BCCE4A2129EBE6CC0085F9AD /* Build configuration list for PBXNativeTarget "Instagram" */;
			buildPhases = (
				D997499B1F4D611CB7F3BC48 /* [CP] Check Pods Manifest.lock */,
				BCCE4A0929EBE6C70085F9AD /* Sources */,
				BCCE4A0A29EBE6C70085F9AD /* Frameworks */,
				BCCE4A0B29EBE6C70085F9AD /* Resources */,
				4FF01B175DAC4716B571A5F8 /* [CP] Embed Pods Frameworks */,
			);
			buildRules = (
			);
			dependencies = (
			);
			name = Instagram;
			productName = Instagram;
			productReference = BCCE4A0D29EBE6C70085F9AD /* Instagram.app */;
			productType = "com.apple.product-type.application";
		};
/* End PBXNativeTarget section */

/* Begin PBXProject section */
		BCCE4A0529EBE6C70085F9AD /* Project object */ = {
			isa = PBXProject;
			attributes = {
				BuildIndependentTargetsInParallel = 1;
				LastSwiftUpdateCheck = 1310;
				LastUpgradeCheck = 1310;
				TargetAttributes = {
					BCCE4A0C29EBE6C70085F9AD = {
						CreatedOnToolsVersion = 13.1;
					};
				};
			};
			buildConfigurationList = BCCE4A0829EBE6C70085F9AD /* Build configuration list for PBXProject "Instagram" */;
			compatibilityVersion = "Xcode 13.0";
			developmentRegion = en;
			hasScannedForEncodings = 0;
			knownRegions = (
				en,
				Base,
			);
			mainGroup = BCCE4A0429EBE6C70085F9AD;
			productRefGroup = BCCE4A0E29EBE6C70085F9AD /* Products */;
			projectDirPath = "";
			projectRoot = "";
			targets = (
				BCCE4A0C29EBE6C70085F9AD /* Instagram */,
			);
		};
/* End PBXProject section */

/* Begin PBXResourcesBuildPhase section */
		BCCE4A0B29EBE6C70085F9AD /* Resources */ = {
			isa = PBXResourcesBuildPhase;
			buildActionMask = 2147483647;
			files = (
				BCCE4A1D29EBE6CC0085F9AD /* LaunchScreen.storyboard in Resources */,
				BC63193629F7EBA300A119C0 /* PostTableViewCell.xib in Resources */,
				BC63192C29F17E0E00A119C0 /* GoogleService-Info.plist in Resources */,
				BCCE4A1A29EBE6CC0085F9AD /* Assets.xcassets in Resources */,
				BCCE4A1829EBE6C70085F9AD /* Main.storyboard in Resources */,
			);
			runOnlyForDeploymentPostprocessing = 0;
		};
/* End PBXResourcesBuildPhase section */

/* Begin PBXShellScriptBuildPhase section */
		4FF01B175DAC4716B571A5F8 /* [CP] Embed Pods Frameworks */ = {
			isa = PBXShellScriptBuildPhase;
			buildActionMask = 2147483647;
			files = (
			);
			inputFileListPaths = (
				"${PODS_ROOT}/Target Support Files/Pods-Instagram/Pods-Instagram-frameworks-${CONFIGURATION}-input-files.xcfilelist",
			);
			name = "[CP] Embed Pods Frameworks";
			outputFileListPaths = (
				"${PODS_ROOT}/Target Support Files/Pods-Instagram/Pods-Instagram-frameworks-${CONFIGURATION}-output-files.xcfilelist",
			);
			runOnlyForDeploymentPostprocessing = 0;
			shellPath = /bin/sh;
			shellScript = "\"${PODS_ROOT}/Target Support Files/Pods-Instagram/Pods-Instagram-frameworks.sh\"\n";
			showEnvVarsInLog = 0;
		};
		D997499B1F4D611CB7F3BC48 /* [CP] Check Pods Manifest.lock */ = {
			isa = PBXShellScriptBuildPhase;
			buildActionMask = 2147483647;
			files = (
			);
			inputFileListPaths = (
			);
			inputPaths = (
				"${PODS_PODFILE_DIR_PATH}/Podfile.lock",
				"${PODS_ROOT}/Manifest.lock",
			);
			name = "[CP] Check Pods Manifest.lock";
			outputFileListPaths = (
			);
			outputPaths = (
				"$(DERIVED_FILE_DIR)/Pods-Instagram-checkManifestLockResult.txt",
			);
			runOnlyForDeploymentPostprocessing = 0;
			shellPath = /bin/sh;
			shellScript = "diff \"${PODS_PODFILE_DIR_PATH}/Podfile.lock\" \"${PODS_ROOT}/Manifest.lock\" > /dev/null\nif [ $? != 0 ] ; then\n    # print error to STDERR\n    echo \"error: The sandbox is not in sync with the Podfile.lock. Run 'pod install' or update your CocoaPods installation.\" >&2\n    exit 1\nfi\n# This output is used by Xcode 'outputs' to avoid re-running this script phase.\necho \"SUCCESS\" > \"${SCRIPT_OUTPUT_FILE_0}\"\n";
			showEnvVarsInLog = 0;
		};
/* End PBXShellScriptBuildPhase section */

/* Begin PBXSourcesBuildPhase section */
		BCCE4A0929EBE6C70085F9AD /* Sources */ = {
			isa = PBXSourcesBuildPhase;
			buildActionMask = 2147483647;
			files = (
				BC63193529F7EBA300A119C0 /* PostTableViewCell.swift in Sources */,
				BCCE4A2B29EBE9AE0085F9AD /* ImageSelectViewController.swift in Sources */,
				BCCE4A3129EC13B40085F9AD /* TabBarController.swift in Sources */,
				BCCE4A2929EBE9770085F9AD /* HomeViewController.swift in Sources */,
				BCCE4A2D29EBE9F10085F9AD /* PostViewController.swift in Sources */,
				BCCE4A2F29EBEA3D0085F9AD /* SettingViewController.swift in Sources */,
				BC63193029F7E7DB00A119C0 /* PostData.swift in Sources */,
				BCCE4A2729EBE9230085F9AD /* LoginViewController.swift in Sources */,
				BCCE4A1129EBE6C70085F9AD /* AppDelegate.swift in Sources */,
				BCCE4A1329EBE6C70085F9AD /* SceneDelegate.swift in Sources */,
				BC63192E29F5A25900A119C0 /* Const.swift in Sources */,
			);
			runOnlyForDeploymentPostprocessing = 0;
		};
/* End PBXSourcesBuildPhase section */

/* Begin PBXVariantGroup section */
		BCCE4A1629EBE6C70085F9AD /* Main.storyboard */ = {
			isa = PBXVariantGroup;
			children = (
				BCCE4A1729EBE6C70085F9AD /* Base */,
			);
			name = Main.storyboard;
			sourceTree = "<group>";
		};
		BCCE4A1B29EBE6CC0085F9AD /* LaunchScreen.storyboard */ = {
			isa = PBXVariantGroup;
			children = (
				BCCE4A1C29EBE6CC0085F9AD /* Base */,
			);
			name = LaunchScreen.storyboard;
			sourceTree = "<group>";
		};
/* End PBXVariantGroup section */

/* Begin XCBuildConfiguration section */
		BCCE4A1F29EBE6CC0085F9AD /* Debug */ = {
			isa = XCBuildConfiguration;
			buildSettings = {
				ALWAYS_SEARCH_USER_PATHS = NO;
				CLANG_ANALYZER_NONNULL = YES;
				CLANG_ANALYZER_NUMBER_OBJECT_CONVERSION = YES_AGGRESSIVE;
				CLANG_CXX_LANGUAGE_STANDARD = "gnu++17";
				CLANG_CXX_LIBRARY = "libc++";
				CLANG_ENABLE_MODULES = YES;
				CLANG_ENABLE_OBJC_ARC = YES;
				CLANG_ENABLE_OBJC_WEAK = YES;
				CLANG_WARN_BLOCK_CAPTURE_AUTORELEASING = YES;
				CLANG_WARN_BOOL_CONVERSION = YES;
				CLANG_WARN_COMMA = YES;
				CLANG_WARN_CONSTANT_CONVERSION = YES;
				CLANG_WARN_DEPRECATED_OBJC_IMPLEMENTATIONS = YES;
				CLANG_WARN_DIRECT_OBJC_ISA_USAGE = YES_ERROR;
				CLANG_WARN_DOCUMENTATION_COMMENTS = YES;
				CLANG_WARN_EMPTY_BODY = YES;
				CLANG_WARN_ENUM_CONVERSION = YES;
				CLANG_WARN_INFINITE_RECURSION = YES;
				CLANG_WARN_INT_CONVERSION = YES;
				CLANG_WARN_NON_LITERAL_NULL_CONVERSION = YES;
				CLANG_WARN_OBJC_IMPLICIT_RETAIN_SELF = YES;
				CLANG_WARN_OBJC_LITERAL_CONVERSION = YES;
				CLANG_WARN_OBJC_ROOT_CLASS = YES_ERROR;
				CLANG_WARN_QUOTED_INCLUDE_IN_FRAMEWORK_HEADER = YES;
				CLANG_WARN_RANGE_LOOP_ANALYSIS = YES;
				CLANG_WARN_STRICT_PROTOTYPES = YES;
				CLANG_WARN_SUSPICIOUS_MOVE = YES;
				CLANG_WARN_UNGUARDED_AVAILABILITY = YES_AGGRESSIVE;
				CLANG_WARN_UNREACHABLE_CODE = YES;
				CLANG_WARN__DUPLICATE_METHOD_MATCH = YES;
				COPY_PHASE_STRIP = NO;
				DEBUG_INFORMATION_FORMAT = dwarf;
				ENABLE_STRICT_OBJC_MSGSEND = YES;
				ENABLE_TESTABILITY = YES;
				GCC_C_LANGUAGE_STANDARD = gnu11;
				GCC_DYNAMIC_NO_PIC = NO;
				GCC_NO_COMMON_BLOCKS = YES;
				GCC_OPTIMIZATION_LEVEL = 0;
				GCC_PREPROCESSOR_DEFINITIONS = (
					"DEBUG=1",
					"$(inherited)",
				);
				GCC_WARN_64_TO_32_BIT_CONVERSION = YES;
				GCC_WARN_ABOUT_RETURN_TYPE = YES_ERROR;
				GCC_WARN_UNDECLARED_SELECTOR = YES;
				GCC_WARN_UNINITIALIZED_AUTOS = YES_AGGRESSIVE;
				GCC_WARN_UNUSED_FUNCTION = YES;
				GCC_WARN_UNUSED_VARIABLE = YES;
				IPHONEOS_DEPLOYMENT_TARGET = 15.0;
				MTL_ENABLE_DEBUG_INFO = INCLUDE_SOURCE;
				MTL_FAST_MATH = YES;
				ONLY_ACTIVE_ARCH = YES;
				SDKROOT = iphoneos;
				SWIFT_ACTIVE_COMPILATION_CONDITIONS = DEBUG;
				SWIFT_OPTIMIZATION_LEVEL = "-Onone";
			};
			name = Debug;
		};
		BCCE4A2029EBE6CC0085F9AD /* Release */ = {
			isa = XCBuildConfiguration;
			buildSettings = {
				ALWAYS_SEARCH_USER_PATHS = NO;
				CLANG_ANALYZER_NONNULL = YES;
				CLANG_ANALYZER_NUMBER_OBJECT_CONVERSION = YES_AGGRESSIVE;
				CLANG_CXX_LANGUAGE_STANDARD = "gnu++17";
				CLANG_CXX_LIBRARY = "libc++";
				CLANG_ENABLE_MODULES = YES;
				CLANG_ENABLE_OBJC_ARC = YES;
				CLANG_ENABLE_OBJC_WEAK = YES;
				CLANG_WARN_BLOCK_CAPTURE_AUTORELEASING = YES;
				CLANG_WARN_BOOL_CONVERSION = YES;
				CLANG_WARN_COMMA = YES;
				CLANG_WARN_CONSTANT_CONVERSION = YES;
				CLANG_WARN_DEPRECATED_OBJC_IMPLEMENTATIONS = YES;
				CLANG_WARN_DIRECT_OBJC_ISA_USAGE = YES_ERROR;
				CLANG_WARN_DOCUMENTATION_COMMENTS = YES;
				CLANG_WARN_EMPTY_BODY = YES;
				CLANG_WARN_ENUM_CONVERSION = YES;
				CLANG_WARN_INFINITE_RECURSION = YES;
				CLANG_WARN_INT_CONVERSION = YES;
				CLANG_WARN_NON_LITERAL_NULL_CONVERSION = YES;
				CLANG_WARN_OBJC_IMPLICIT_RETAIN_SELF = YES;
				CLANG_WARN_OBJC_LITERAL_CONVERSION = YES;
				CLANG_WARN_OBJC_ROOT_CLASS = YES_ERROR;
				CLANG_WARN_QUOTED_INCLUDE_IN_FRAMEWORK_HEADER = YES;
				CLANG_WARN_RANGE_LOOP_ANALYSIS = YES;
				CLANG_WARN_STRICT_PROTOTYPES = YES;
				CLANG_WARN_SUSPICIOUS_MOVE = YES;
				CLANG_WARN_UNGUARDED_AVAILABILITY = YES_AGGRESSIVE;
				CLANG_WARN_UNREACHABLE_CODE = YES;
				CLANG_WARN__DUPLICATE_METHOD_MATCH = YES;
				COPY_PHASE_STRIP = NO;
				DEBUG_INFORMATION_FORMAT = "dwarf-with-dsym";
				ENABLE_NS_ASSERTIONS = NO;
				ENABLE_STRICT_OBJC_MSGSEND = YES;
				GCC_C_LANGUAGE_STANDARD = gnu11;
				GCC_NO_COMMON_BLOCKS = YES;
				GCC_WARN_64_TO_32_BIT_CONVERSION = YES;
				GCC_WARN_ABOUT_RETURN_TYPE = YES_ERROR;
				GCC_WARN_UNDECLARED_SELECTOR = YES;
				GCC_WARN_UNINITIALIZED_AUTOS = YES_AGGRESSIVE;
				GCC_WARN_UNUSED_FUNCTION = YES;
				GCC_WARN_UNUSED_VARIABLE = YES;
				IPHONEOS_DEPLOYMENT_TARGET = 15.0;
				MTL_ENABLE_DEBUG_INFO = NO;
				MTL_FAST_MATH = YES;
				SDKROOT = iphoneos;
				SWIFT_COMPILATION_MODE = wholemodule;
				SWIFT_OPTIMIZATION_LEVEL = "-O";
				VALIDATE_PRODUCT = YES;
			};
			name = Release;
		};
		BCCE4A2229EBE6CC0085F9AD /* Debug */ = {
			isa = XCBuildConfiguration;
			baseConfigurationReference = C8D2845B2DAA2DD81A5A8D3E /* Pods-Instagram.debug.xcconfig */;
			buildSettings = {
				ASSETCATALOG_COMPILER_APPICON_NAME = AppIcon;
				ASSETCATALOG_COMPILER_GLOBAL_ACCENT_COLOR_NAME = AccentColor;
				CODE_SIGN_STYLE = Automatic;
				CURRENT_PROJECT_VERSION = 1;
				GENERATE_INFOPLIST_FILE = YES;
				INFOPLIST_FILE = Instagram/Info.plist;
				INFOPLIST_KEY_NSCameraUsageDescription = "本アプリは、画像の投稿及び編集のため、カメラの使用許可を求めます。";
				INFOPLIST_KEY_UIApplicationSupportsIndirectInputEvents = YES;
				INFOPLIST_KEY_UILaunchStoryboardName = LaunchScreen;
				INFOPLIST_KEY_UIMainStoryboardFile = Main;
				INFOPLIST_KEY_UISupportedInterfaceOrientations_iPad = "UIInterfaceOrientationPortrait UIInterfaceOrientationPortraitUpsideDown UIInterfaceOrientationLandscapeLeft UIInterfaceOrientationLandscapeRight";
				INFOPLIST_KEY_UISupportedInterfaceOrientations_iPhone = UIInterfaceOrientationPortrait;
				LD_RUNPATH_SEARCH_PATHS = (
					"$(inherited)",
					"@executable_path/Frameworks",
				);
				MARKETING_VERSION = 1.0;
				PRODUCT_BUNDLE_IDENTIFIER = jp.techacademy.teru.teru.Instagram;
				PRODUCT_NAME = "$(TARGET_NAME)";
				SWIFT_EMIT_LOC_STRINGS = YES;
				SWIFT_VERSION = 5.0;
				TARGETED_DEVICE_FAMILY = 1;
			};
			name = Debug;
		};
		BCCE4A2329EBE6CC0085F9AD /* Release */ = {
			isa = XCBuildConfiguration;
			baseConfigurationReference = C4EC156BC1D62B3464439BE9 /* Pods-Instagram.release.xcconfig */;
			buildSettings = {
				ASSETCATALOG_COMPILER_APPICON_NAME = AppIcon;
				ASSETCATALOG_COMPILER_GLOBAL_ACCENT_COLOR_NAME = AccentColor;
				CODE_SIGN_STYLE = Automatic;
				CURRENT_PROJECT_VERSION = 1;
				GENERATE_INFOPLIST_FILE = YES;
				INFOPLIST_FILE = Instagram/Info.plist;
				INFOPLIST_KEY_NSCameraUsageDescription = "本アプリは、画像の投稿及び編集のため、カメラの使用許可を求めます。";
				INFOPLIST_KEY_UIApplicationSupportsIndirectInputEvents = YES;
				INFOPLIST_KEY_UILaunchStoryboardName = LaunchScreen;
				INFOPLIST_KEY_UIMainStoryboardFile = Main;
				INFOPLIST_KEY_UISupportedInterfaceOrientations_iPad = "UIInterfaceOrientationPortrait UIInterfaceOrientationPortraitUpsideDown UIInterfaceOrientationLandscapeLeft UIInterfaceOrientationLandscapeRight";
				INFOPLIST_KEY_UISupportedInterfaceOrientations_iPhone = UIInterfaceOrientationPortrait;
				LD_RUNPATH_SEARCH_PATHS = (
					"$(inherited)",
					"@executable_path/Frameworks",
				);
				MARKETING_VERSION = 1.0;
				PRODUCT_BUNDLE_IDENTIFIER = jp.techacademy.teru.teru.Instagram;
				PRODUCT_NAME = "$(TARGET_NAME)";
				SWIFT_EMIT_LOC_STRINGS = YES;
				SWIFT_VERSION = 5.0;
				TARGETED_DEVICE_FAMILY = 1;
			};
			name = Release;
		};
/* End XCBuildConfiguration section */

/* Begin XCConfigurationList section */
		BCCE4A0829EBE6C70085F9AD /* Build configuration list for PBXProject "Instagram" */ = {
			isa = XCConfigurationList;
			buildConfigurations = (
				BCCE4A1F29EBE6CC0085F9AD /* Debug */,
				BCCE4A2029EBE6CC0085F9AD /* Release */,
			);
			defaultConfigurationIsVisible = 0;
			defaultConfigurationName = Release;
		};
		BCCE4A2129EBE6CC0085F9AD /* Build configuration list for PBXNativeTarget "Instagram" */ = {
			isa = XCConfigurationList;
			buildConfigurations = (
				BCCE4A2229EBE6CC0085F9AD /* Debug */,
				BCCE4A2329EBE6CC0085F9AD /* Release */,
			);
			defaultConfigurationIsVisible = 0;
			defaultConfigurationName = Release;
		};
/* End XCConfigurationList section */
	};
	rootObject = BCCE4A0529EBE6C70085F9AD /* Project object */;
}
